// !$*UTF8*$!
{
	archiveVersion = 1;
	classes = {
	};
	objectVersion = 56;
	objects = {

/* Begin PBXBuildFile section */
		547223782B2B4B68000B56B5 /* CocktailAppIOSApp.swift in Sources */ = {isa = PBXBuildFile; fileRef = 547223772B2B4B68000B56B5 /* CocktailAppIOSApp.swift */; };
		5472237A2B2B4B68000B56B5 /* ContentView.swift in Sources */ = {isa = PBXBuildFile; fileRef = 547223792B2B4B68000B56B5 /* ContentView.swift */; };
		5472237C2B2B4B6A000B56B5 /* Assets.xcassets in Resources */ = {isa = PBXBuildFile; fileRef = 5472237B2B2B4B6A000B56B5 /* Assets.xcassets */; };
		5472237F2B2B4B6A000B56B5 /* Preview Assets.xcassets in Resources */ = {isa = PBXBuildFile; fileRef = 5472237E2B2B4B6A000B56B5 /* Preview Assets.xcassets */; };
		547223892B2B4B6A000B56B5 /* CocktailAppIOSTests.swift in Sources */ = {isa = PBXBuildFile; fileRef = 547223882B2B4B6A000B56B5 /* CocktailAppIOSTests.swift */; };
		547223932B2B4B6A000B56B5 /* CocktailAppIOSUITests.swift in Sources */ = {isa = PBXBuildFile; fileRef = 547223922B2B4B6A000B56B5 /* CocktailAppIOSUITests.swift */; };
		547223952B2B4B6A000B56B5 /* CocktailAppIOSUITestsLaunchTests.swift in Sources */ = {isa = PBXBuildFile; fileRef = 547223942B2B4B6A000B56B5 /* CocktailAppIOSUITestsLaunchTests.swift */; };
		547223A22B2B6D92000B56B5 /* CocktailModel.swift in Sources */ = {isa = PBXBuildFile; fileRef = 547223A12B2B6D92000B56B5 /* CocktailModel.swift */; };
		547223A52B2B6F00000B56B5 /* IngredientModel.swift in Sources */ = {isa = PBXBuildFile; fileRef = 547223A42B2B6F00000B56B5 /* IngredientModel.swift */; };
/* End PBXBuildFile section */

/* Begin PBXContainerItemProxy section */
		547223852B2B4B6A000B56B5 /* PBXContainerItemProxy */ = {
			isa = PBXContainerItemProxy;
			containerPortal = 5472236C2B2B4B68000B56B5 /* Project object */;
			proxyType = 1;
			remoteGlobalIDString = 547223732B2B4B68000B56B5;
			remoteInfo = CocktailAppIOS;
		};
		5472238F2B2B4B6A000B56B5 /* PBXContainerItemProxy */ = {
			isa = PBXContainerItemProxy;
			containerPortal = 5472236C2B2B4B68000B56B5 /* Project object */;
			proxyType = 1;
			remoteGlobalIDString = 547223732B2B4B68000B56B5;
			remoteInfo = CocktailAppIOS;
		};
/* End PBXContainerItemProxy section */

/* Begin PBXFileReference section */
		547223742B2B4B68000B56B5 /* CocktailAppIOS.app */ = {isa = PBXFileReference; explicitFileType = wrapper.application; includeInIndex = 0; path = CocktailAppIOS.app; sourceTree = BUILT_PRODUCTS_DIR; };
		547223772B2B4B68000B56B5 /* CocktailAppIOSApp.swift */ = {isa = PBXFileReference; lastKnownFileType = sourcecode.swift; path = CocktailAppIOSApp.swift; sourceTree = "<group>"; };
		547223792B2B4B68000B56B5 /* ContentView.swift */ = {isa = PBXFileReference; lastKnownFileType = sourcecode.swift; path = ContentView.swift; sourceTree = "<group>"; };
		5472237B2B2B4B6A000B56B5 /* Assets.xcassets */ = {isa = PBXFileReference; lastKnownFileType = folder.assetcatalog; path = Assets.xcassets; sourceTree = "<group>"; };
		5472237E2B2B4B6A000B56B5 /* Preview Assets.xcassets */ = {isa = PBXFileReference; lastKnownFileType = folder.assetcatalog; path = "Preview Assets.xcassets"; sourceTree = "<group>"; };
		547223842B2B4B6A000B56B5 /* CocktailAppIOSTests.xctest */ = {isa = PBXFileReference; explicitFileType = wrapper.cfbundle; includeInIndex = 0; path = CocktailAppIOSTests.xctest; sourceTree = BUILT_PRODUCTS_DIR; };
		547223882B2B4B6A000B56B5 /* CocktailAppIOSTests.swift */ = {isa = PBXFileReference; lastKnownFileType = sourcecode.swift; path = CocktailAppIOSTests.swift; sourceTree = "<group>"; };
		5472238E2B2B4B6A000B56B5 /* CocktailAppIOSUITests.xctest */ = {isa = PBXFileReference; explicitFileType = wrapper.cfbundle; includeInIndex = 0; path = CocktailAppIOSUITests.xctest; sourceTree = BUILT_PRODUCTS_DIR; };
		547223922B2B4B6A000B56B5 /* CocktailAppIOSUITests.swift */ = {isa = PBXFileReference; lastKnownFileType = sourcecode.swift; path = CocktailAppIOSUITests.swift; sourceTree = "<group>"; };
		547223942B2B4B6A000B56B5 /* CocktailAppIOSUITestsLaunchTests.swift */ = {isa = PBXFileReference; lastKnownFileType = sourcecode.swift; path = CocktailAppIOSUITestsLaunchTests.swift; sourceTree = "<group>"; };
		547223A12B2B6D92000B56B5 /* CocktailModel.swift */ = {isa = PBXFileReference; lastKnownFileType = sourcecode.swift; path = CocktailModel.swift; sourceTree = "<group>"; };
		547223A42B2B6F00000B56B5 /* IngredientModel.swift */ = {isa = PBXFileReference; lastKnownFileType = sourcecode.swift; path = IngredientModel.swift; sourceTree = "<group>"; };
/* End PBXFileReference section */

/* Begin PBXFrameworksBuildPhase section */
		547223712B2B4B68000B56B5 /* Frameworks */ = {
			isa = PBXFrameworksBuildPhase;
			buildActionMask = 2147483647;
			files = (
			);
			runOnlyForDeploymentPostprocessing = 0;
		};
		547223812B2B4B6A000B56B5 /* Frameworks */ = {
			isa = PBXFrameworksBuildPhase;
			buildActionMask = 2147483647;
			files = (
			);
			runOnlyForDeploymentPostprocessing = 0;
		};
		5472238B2B2B4B6A000B56B5 /* Frameworks */ = {
			isa = PBXFrameworksBuildPhase;
			buildActionMask = 2147483647;
			files = (
			);
			runOnlyForDeploymentPostprocessing = 0;
		};
/* End PBXFrameworksBuildPhase section */

/* Begin PBXGroup section */
		5472236B2B2B4B68000B56B5 = {
			isa = PBXGroup;
			children = (
				547223762B2B4B68000B56B5 /* CocktailAppIOS */,
				547223872B2B4B6A000B56B5 /* CocktailAppIOSTests */,
				547223912B2B4B6A000B56B5 /* CocktailAppIOSUITests */,
				547223752B2B4B68000B56B5 /* Products */,
			);
			sourceTree = "<group>";
		};
		547223752B2B4B68000B56B5 /* Products */ = {
			isa = PBXGroup;
			children = (
				547223742B2B4B68000B56B5 /* CocktailAppIOS.app */,
				547223842B2B4B6A000B56B5 /* CocktailAppIOSTests.xctest */,
				5472238E2B2B4B6A000B56B5 /* CocktailAppIOSUITests.xctest */,
			);
			name = Products;
			sourceTree = "<group>";
		};
		547223762B2B4B68000B56B5 /* CocktailAppIOS */ = {
			isa = PBXGroup;
			children = (
				547223A32B2B6EDB000B56B5 /* Models */,
				547223772B2B4B68000B56B5 /* CocktailAppIOSApp.swift */,
				547223792B2B4B68000B56B5 /* ContentView.swift */,
				5472237B2B2B4B6A000B56B5 /* Assets.xcassets */,
				5472237D2B2B4B6A000B56B5 /* Preview Content */,
			);
			path = CocktailAppIOS;
			sourceTree = "<group>";
		};
		5472237D2B2B4B6A000B56B5 /* Preview Content */ = {
			isa = PBXGroup;
			children = (
				5472237E2B2B4B6A000B56B5 /* Preview Assets.xcassets */,
			);
			path = "Preview Content";
			sourceTree = "<group>";
		};
		547223872B2B4B6A000B56B5 /* CocktailAppIOSTests */ = {
			isa = PBXGroup;
			children = (
				547223882B2B4B6A000B56B5 /* CocktailAppIOSTests.swift */,
			);
			path = CocktailAppIOSTests;
			sourceTree = "<group>";
		};
		547223912B2B4B6A000B56B5 /* CocktailAppIOSUITests */ = {
			isa = PBXGroup;
			children = (
				547223922B2B4B6A000B56B5 /* CocktailAppIOSUITests.swift */,
				547223942B2B4B6A000B56B5 /* CocktailAppIOSUITestsLaunchTests.swift */,
			);
			path = CocktailAppIOSUITests;
			sourceTree = "<group>";
		};
		547223A32B2B6EDB000B56B5 /* Models */ = {
			isa = PBXGroup;
			children = (
				547223A12B2B6D92000B56B5 /* CocktailModel.swift */,
				547223A42B2B6F00000B56B5 /* IngredientModel.swift */,
			);
			path = Models;
			sourceTree = "<group>";
		};
/* End PBXGroup section */

/* Begin PBXNativeTarget section */
		547223732B2B4B68000B56B5 /* CocktailAppIOS */ = {
			isa = PBXNativeTarget;
			buildConfigurationList = 547223982B2B4B6A000B56B5 /* Build configuration list for PBXNativeTarget "CocktailAppIOS" */;
			buildPhases = (
				547223702B2B4B68000B56B5 /* Sources */,
				547223712B2B4B68000B56B5 /* Frameworks */,
				547223722B2B4B68000B56B5 /* Resources */,
			);
			buildRules = (
			);
			dependencies = (
			);
			name = CocktailAppIOS;
			productName = CocktailAppIOS;
			productReference = 547223742B2B4B68000B56B5 /* CocktailAppIOS.app */;
			productType = "com.apple.product-type.application";
		};
		547223832B2B4B6A000B56B5 /* CocktailAppIOSTests */ = {
			isa = PBXNativeTarget;
			buildConfigurationList = 5472239B2B2B4B6A000B56B5 /* Build configuration list for PBXNativeTarget "CocktailAppIOSTests" */;
			buildPhases = (
				547223802B2B4B6A000B56B5 /* Sources */,
				547223812B2B4B6A000B56B5 /* Frameworks */,
				547223822B2B4B6A000B56B5 /* Resources */,
			);
			buildRules = (
			);
			dependencies = (
				547223862B2B4B6A000B56B5 /* PBXTargetDependency */,
			);
			name = CocktailAppIOSTests;
			productName = CocktailAppIOSTests;
			productReference = 547223842B2B4B6A000B56B5 /* CocktailAppIOSTests.xctest */;
			productType = "com.apple.product-type.bundle.unit-test";
		};
		5472238D2B2B4B6A000B56B5 /* CocktailAppIOSUITests */ = {
			isa = PBXNativeTarget;
			buildConfigurationList = 5472239E2B2B4B6A000B56B5 /* Build configuration list for PBXNativeTarget "CocktailAppIOSUITests" */;
			buildPhases = (
				5472238A2B2B4B6A000B56B5 /* Sources */,
				5472238B2B2B4B6A000B56B5 /* Frameworks */,
				5472238C2B2B4B6A000B56B5 /* Resources */,
			);
			buildRules = (
			);
			dependencies = (
				547223902B2B4B6A000B56B5 /* PBXTargetDependency */,
			);
			name = CocktailAppIOSUITests;
			productName = CocktailAppIOSUITests;
			productReference = 5472238E2B2B4B6A000B56B5 /* CocktailAppIOSUITests.xctest */;
			productType = "com.apple.product-type.bundle.ui-testing";
		};
/* End PBXNativeTarget section */

/* Begin PBXProject section */
		5472236C2B2B4B68000B56B5 /* Project object */ = {
			isa = PBXProject;
			attributes = {
				BuildIndependentTargetsInParallel = 1;
				LastSwiftUpdateCheck = 1510;
				LastUpgradeCheck = 1510;
				TargetAttributes = {
					547223732B2B4B68000B56B5 = {
						CreatedOnToolsVersion = 15.1;
					};
					547223832B2B4B6A000B56B5 = {
						CreatedOnToolsVersion = 15.1;
						TestTargetID = 547223732B2B4B68000B56B5;
					};
					5472238D2B2B4B6A000B56B5 = {
						CreatedOnToolsVersion = 15.1;
						TestTargetID = 547223732B2B4B68000B56B5;
					};
				};
			};
			buildConfigurationList = 5472236F2B2B4B68000B56B5 /* Build configuration list for PBXProject "CocktailAppIOS" */;
			compatibilityVersion = "Xcode 14.0";
			developmentRegion = en;
			hasScannedForEncodings = 0;
			knownRegions = (
				en,
				Base,
			);
			mainGroup = 5472236B2B2B4B68000B56B5;
			productRefGroup = 547223752B2B4B68000B56B5 /* Products */;
			projectDirPath = "";
			projectRoot = "";
			targets = (
				547223732B2B4B68000B56B5 /* CocktailAppIOS */,
				547223832B2B4B6A000B56B5 /* CocktailAppIOSTests */,
				5472238D2B2B4B6A000B56B5 /* CocktailAppIOSUITests */,
			);
		};
/* End PBXProject section */

/* Begin PBXResourcesBuildPhase section */
		547223722B2B4B68000B56B5 /* Resources */ = {
			isa = PBXResourcesBuildPhase;
			buildActionMask = 2147483647;
			files = (
				5472237F2B2B4B6A000B56B5 /* Preview Assets.xcassets in Resources */,
				5472237C2B2B4B6A000B56B5 /* Assets.xcassets in Resources */,
			);
			runOnlyForDeploymentPostprocessing = 0;
		};
		547223822B2B4B6A000B56B5 /* Resources */ = {
			isa = PBXResourcesBuildPhase;
			buildActionMask = 2147483647;
			files = (
			);
			runOnlyForDeploymentPostprocessing = 0;
		};
		5472238C2B2B4B6A000B56B5 /* Resources */ = {
			isa = PBXResourcesBuildPhase;
			buildActionMask = 2147483647;
			files = (
			);
			runOnlyForDeploymentPostprocessing = 0;
		};
/* End PBXResourcesBuildPhase section */

/* Begin PBXSourcesBuildPhase section */
		547223702B2B4B68000B56B5 /* Sources */ = {
			isa = PBXSourcesBuildPhase;
			buildActionMask = 2147483647;
			files = (
				5472237A2B2B4B68000B56B5 /* ContentView.swift in Sources */,
				547223A22B2B6D92000B56B5 /* CocktailModel.swift in Sources */,
				547223A52B2B6F00000B56B5 /* IngredientModel.swift in Sources */,
				547223782B2B4B68000B56B5 /* CocktailAppIOSApp.swift in Sources */,
			);
			runOnlyForDeploymentPostprocessing = 0;
		};
		547223802B2B4B6A000B56B5 /* Sources */ = {
			isa = PBXSourcesBuildPhase;
			buildActionMask = 2147483647;
			files = (
				547223892B2B4B6A000B56B5 /* CocktailAppIOSTests.swift in Sources */,
			);
			runOnlyForDeploymentPostprocessing = 0;
		};
		5472238A2B2B4B6A000B56B5 /* Sources */ = {
			isa = PBXSourcesBuildPhase;
			buildActionMask = 2147483647;
			files = (
				547223952B2B4B6A000B56B5 /* CocktailAppIOSUITestsLaunchTests.swift in Sources */,
				547223932B2B4B6A000B56B5 /* CocktailAppIOSUITests.swift in Sources */,
			);
			runOnlyForDeploymentPostprocessing = 0;
		};
/* End PBXSourcesBuildPhase section */

/* Begin PBXTargetDependency section */
		547223862B2B4B6A000B56B5 /* PBXTargetDependency */ = {
			isa = PBXTargetDependency;
			target = 547223732B2B4B68000B56B5 /* CocktailAppIOS */;
			targetProxy = 547223852B2B4B6A000B56B5 /* PBXContainerItemProxy */;
		};
		547223902B2B4B6A000B56B5 /* PBXTargetDependency */ = {
			isa = PBXTargetDependency;
			target = 547223732B2B4B68000B56B5 /* CocktailAppIOS */;
			targetProxy = 5472238F2B2B4B6A000B56B5 /* PBXContainerItemProxy */;
		};
/* End PBXTargetDependency section */

/* Begin XCBuildConfiguration section */
		547223962B2B4B6A000B56B5 /* Debug */ = {
			isa = XCBuildConfiguration;
			buildSettings = {
				ALWAYS_SEARCH_USER_PATHS = NO;
				ASSETCATALOG_COMPILER_GENERATE_SWIFT_ASSET_SYMBOL_EXTENSIONS = YES;
				CLANG_ANALYZER_NONNULL = YES;
				CLANG_ANALYZER_NUMBER_OBJECT_CONVERSION = YES_AGGRESSIVE;
				CLANG_CXX_LANGUAGE_STANDARD = "gnu++20";
				CLANG_ENABLE_MODULES = YES;
				CLANG_ENABLE_OBJC_ARC = YES;
				CLANG_ENABLE_OBJC_WEAK = YES;
				CLANG_WARN_BLOCK_CAPTURE_AUTORELEASING = YES;
				CLANG_WARN_BOOL_CONVERSION = YES;
				CLANG_WARN_COMMA = YES;
				CLANG_WARN_CONSTANT_CONVERSION = YES;
				CLANG_WARN_DEPRECATED_OBJC_IMPLEMENTATIONS = YES;
				CLANG_WARN_DIRECT_OBJC_ISA_USAGE = YES_ERROR;
				CLANG_WARN_DOCUMENTATION_COMMENTS = YES;
				CLANG_WARN_EMPTY_BODY = YES;
				CLANG_WARN_ENUM_CONVERSION = YES;
				CLANG_WARN_INFINITE_RECURSION = YES;
				CLANG_WARN_INT_CONVERSION = YES;
				CLANG_WARN_NON_LITERAL_NULL_CONVERSION = YES;
				CLANG_WARN_OBJC_IMPLICIT_RETAIN_SELF = YES;
				CLANG_WARN_OBJC_LITERAL_CONVERSION = YES;
				CLANG_WARN_OBJC_ROOT_CLASS = YES_ERROR;
				CLANG_WARN_QUOTED_INCLUDE_IN_FRAMEWORK_HEADER = YES;
				CLANG_WARN_RANGE_LOOP_ANALYSIS = YES;
				CLANG_WARN_STRICT_PROTOTYPES = YES;
				CLANG_WARN_SUSPICIOUS_MOVE = YES;
				CLANG_WARN_UNGUARDED_AVAILABILITY = YES_AGGRESSIVE;
				CLANG_WARN_UNREACHABLE_CODE = YES;
				CLANG_WARN__DUPLICATE_METHOD_MATCH = YES;
				COPY_PHASE_STRIP = NO;
				DEBUG_INFORMATION_FORMAT = dwarf;
				ENABLE_STRICT_OBJC_MSGSEND = YES;
				ENABLE_TESTABILITY = YES;
				ENABLE_USER_SCRIPT_SANDBOXING = YES;
				GCC_C_LANGUAGE_STANDARD = gnu17;
				GCC_DYNAMIC_NO_PIC = NO;
				GCC_NO_COMMON_BLOCKS = YES;
				GCC_OPTIMIZATION_LEVEL = 0;
				GCC_PREPROCESSOR_DEFINITIONS = (
					"DEBUG=1",
					"$(inherited)",
				);
				GCC_WARN_64_TO_32_BIT_CONVERSION = YES;
				GCC_WARN_ABOUT_RETURN_TYPE = YES_ERROR;
				GCC_WARN_UNDECLARED_SELECTOR = YES;
				GCC_WARN_UNINITIALIZED_AUTOS = YES_AGGRESSIVE;
				GCC_WARN_UNUSED_FUNCTION = YES;
				GCC_WARN_UNUSED_VARIABLE = YES;
				IPHONEOS_DEPLOYMENT_TARGET = 17.2;
				LOCALIZATION_PREFERS_STRING_CATALOGS = YES;
				MTL_ENABLE_DEBUG_INFO = INCLUDE_SOURCE;
				MTL_FAST_MATH = YES;
				ONLY_ACTIVE_ARCH = YES;
				SDKROOT = iphoneos;
				SWIFT_ACTIVE_COMPILATION_CONDITIONS = "DEBUG $(inherited)";
				SWIFT_OPTIMIZATION_LEVEL = "-Onone";
			};
			name = Debug;
		};
		547223972B2B4B6A000B56B5 /* Release */ = {
			isa = XCBuildConfiguration;
			buildSettings = {
				ALWAYS_SEARCH_USER_PATHS = NO;
				ASSETCATALOG_COMPILER_GENERATE_SWIFT_ASSET_SYMBOL_EXTENSIONS = YES;
				CLANG_ANALYZER_NONNULL = YES;
				CLANG_ANALYZER_NUMBER_OBJECT_CONVERSION = YES_AGGRESSIVE;
				CLANG_CXX_LANGUAGE_STANDARD = "gnu++20";
				CLANG_ENABLE_MODULES = YES;
				CLANG_ENABLE_OBJC_ARC = YES;
				CLANG_ENABLE_OBJC_WEAK = YES;
				CLANG_WARN_BLOCK_CAPTURE_AUTORELEASING = YES;
				CLANG_WARN_BOOL_CONVERSION = YES;
				CLANG_WARN_COMMA = YES;
				CLANG_WARN_CONSTANT_CONVERSION = YES;
				CLANG_WARN_DEPRECATED_OBJC_IMPLEMENTATIONS = YES;
				CLANG_WARN_DIRECT_OBJC_ISA_USAGE = YES_ERROR;
				CLANG_WARN_DOCUMENTATION_COMMENTS = YES;
				CLANG_WARN_EMPTY_BODY = YES;
				CLANG_WARN_ENUM_CONVERSION = YES;
				CLANG_WARN_INFINITE_RECURSION = YES;
				CLANG_WARN_INT_CONVERSION = YES;
				CLANG_WARN_NON_LITERAL_NULL_CONVERSION = YES;
				CLANG_WARN_OBJC_IMPLICIT_RETAIN_SELF = YES;
				CLANG_WARN_OBJC_LITERAL_CONVERSION = YES;
				CLANG_WARN_OBJC_ROOT_CLASS = YES_ERROR;
				CLANG_WARN_QUOTED_INCLUDE_IN_FRAMEWORK_HEADER = YES;
				CLANG_WARN_RANGE_LOOP_ANALYSIS = YES;
				CLANG_WARN_STRICT_PROTOTYPES = YES;
				CLANG_WARN_SUSPICIOUS_MOVE = YES;
				CLANG_WARN_UNGUARDED_AVAILABILITY = YES_AGGRESSIVE;
				CLANG_WARN_UNREACHABLE_CODE = YES;
				CLANG_WARN__DUPLICATE_METHOD_MATCH = YES;
				COPY_PHASE_STRIP = NO;
				DEBUG_INFORMATION_FORMAT = "dwarf-with-dsym";
				ENABLE_NS_ASSERTIONS = NO;
				ENABLE_STRICT_OBJC_MSGSEND = YES;
				ENABLE_USER_SCRIPT_SANDBOXING = YES;
				GCC_C_LANGUAGE_STANDARD = gnu17;
				GCC_NO_COMMON_BLOCKS = YES;
				GCC_WARN_64_TO_32_BIT_CONVERSION = YES;
				GCC_WARN_ABOUT_RETURN_TYPE = YES_ERROR;
				GCC_WARN_UNDECLARED_SELECTOR = YES;
				GCC_WARN_UNINITIALIZED_AUTOS = YES_AGGRESSIVE;
				GCC_WARN_UNUSED_FUNCTION = YES;
				GCC_WARN_UNUSED_VARIABLE = YES;
				IPHONEOS_DEPLOYMENT_TARGET = 17.2;
				LOCALIZATION_PREFERS_STRING_CATALOGS = YES;
				MTL_ENABLE_DEBUG_INFO = NO;
				MTL_FAST_MATH = YES;
				SDKROOT = iphoneos;
				SWIFT_COMPILATION_MODE = wholemodule;
				VALIDATE_PRODUCT = YES;
			};
			name = Release;
		};
		547223992B2B4B6A000B56B5 /* Debug */ = {
			isa = XCBuildConfiguration;
			buildSettings = {
				ASSETCATALOG_COMPILER_APPICON_NAME = AppIcon;
				ASSETCATALOG_COMPILER_GLOBAL_ACCENT_COLOR_NAME = AccentColor;
				CODE_SIGN_STYLE = Automatic;
				CURRENT_PROJECT_VERSION = 1;
				DEVELOPMENT_ASSET_PATHS = "\"CocktailAppIOS/Preview Content\"";
				ENABLE_PREVIEWS = YES;
				GENERATE_INFOPLIST_FILE = YES;
				INFOPLIST_KEY_UIApplicationSceneManifest_Generation = YES;
				INFOPLIST_KEY_UIApplicationSupportsIndirectInputEvents = YES;
				INFOPLIST_KEY_UILaunchScreen_Generation = YES;
				INFOPLIST_KEY_UISupportedInterfaceOrientations_iPad = "UIInterfaceOrientationPortrait UIInterfaceOrientationPortraitUpsideDown UIInterfaceOrientationLandscapeLeft UIInterfaceOrientationLandscapeRight";
				INFOPLIST_KEY_UISupportedInterfaceOrientations_iPhone = "UIInterfaceOrientationPortrait UIInterfaceOrientationLandscapeLeft UIInterfaceOrientationLandscapeRight";
				LD_RUNPATH_SEARCH_PATHS = (
					"$(inherited)",
					"@executable_path/Frameworks",
				);
				MARKETING_VERSION = 1.0;
				PRODUCT_BUNDLE_IDENTIFIER = fredericdetender.CocktailAppIOS;
				PRODUCT_NAME = "$(TARGET_NAME)";
				SWIFT_EMIT_LOC_STRINGS = YES;
				SWIFT_VERSION = 5.0;
				TARGETED_DEVICE_FAMILY = "1,2";
			};
			name = Debug;
		};
		5472239A2B2B4B6A000B56B5 /* Release */ = {
			isa = XCBuildConfiguration;
			buildSettings = {
				ASSETCATALOG_COMPILER_APPICON_NAME = AppIcon;
				ASSETCATALOG_COMPILER_GLOBAL_ACCENT_COLOR_NAME = AccentColor;
				CODE_SIGN_STYLE = Automatic;
				CURRENT_PROJECT_VERSION = 1;
				DEVELOPMENT_ASSET_PATHS = "\"CocktailAppIOS/Preview Content\"";
				ENABLE_PREVIEWS = YES;
				GENERATE_INFOPLIST_FILE = YES;
				INFOPLIST_KEY_UIApplicationSceneManifest_Generation = YES;
				INFOPLIST_KEY_UIApplicationSupportsIndirectInputEvents = YES;
				INFOPLIST_KEY_UILaunchScreen_Generation = YES;
				INFOPLIST_KEY_UISupportedInterfaceOrientations_iPad = "UIInterfaceOrientationPortrait UIInterfaceOrientationPortraitUpsideDown UIInterfaceOrientationLandscapeLeft UIInterfaceOrientationLandscapeRight";
				INFOPLIST_KEY_UISupportedInterfaceOrientations_iPhone = "UIInterfaceOrientationPortrait UIInterfaceOrientationLandscapeLeft UIInterfaceOrientationLandscapeRight";
				LD_RUNPATH_SEARCH_PATHS = (
					"$(inherited)",
					"@executable_path/Frameworks",
				);
				MARKETING_VERSION = 1.0;
				PRODUCT_BUNDLE_IDENTIFIER = fredericdetender.CocktailAppIOS;
				PRODUCT_NAME = "$(TARGET_NAME)";
				SWIFT_EMIT_LOC_STRINGS = YES;
				SWIFT_VERSION = 5.0;
				TARGETED_DEVICE_FAMILY = "1,2";
			};
			name = Release;
		};
		5472239C2B2B4B6A000B56B5 /* Debug */ = {
			isa = XCBuildConfiguration;
			buildSettings = {
				ALWAYS_EMBED_SWIFT_STANDARD_LIBRARIES = YES;
				BUNDLE_LOADER = "$(TEST_HOST)";
				CODE_SIGN_STYLE = Automatic;
				CURRENT_PROJECT_VERSION = 1;
				GENERATE_INFOPLIST_FILE = YES;
				IPHONEOS_DEPLOYMENT_TARGET = 17.2;
				MARKETING_VERSION = 1.0;
				PRODUCT_BUNDLE_IDENTIFIER = fredericdetender.CocktailAppIOSTests;
				PRODUCT_NAME = "$(TARGET_NAME)";
				SWIFT_EMIT_LOC_STRINGS = NO;
				SWIFT_VERSION = 5.0;
				TARGETED_DEVICE_FAMILY = "1,2";
				TEST_HOST = "$(BUILT_PRODUCTS_DIR)/CocktailAppIOS.app/$(BUNDLE_EXECUTABLE_FOLDER_PATH)/CocktailAppIOS";
			};
			name = Debug;
		};
		5472239D2B2B4B6A000B56B5 /* Release */ = {
			isa = XCBuildConfiguration;
			buildSettings = {
				ALWAYS_EMBED_SWIFT_STANDARD_LIBRARIES = YES;
				BUNDLE_LOADER = "$(TEST_HOST)";
				CODE_SIGN_STYLE = Automatic;
				CURRENT_PROJECT_VERSION = 1;
				GENERATE_INFOPLIST_FILE = YES;
				IPHONEOS_DEPLOYMENT_TARGET = 17.2;
				MARKETING_VERSION = 1.0;
				PRODUCT_BUNDLE_IDENTIFIER = fredericdetender.CocktailAppIOSTests;
				PRODUCT_NAME = "$(TARGET_NAME)";
				SWIFT_EMIT_LOC_STRINGS = NO;
				SWIFT_VERSION = 5.0;
				TARGETED_DEVICE_FAMILY = "1,2";
				TEST_HOST = "$(BUILT_PRODUCTS_DIR)/CocktailAppIOS.app/$(BUNDLE_EXECUTABLE_FOLDER_PATH)/CocktailAppIOS";
			};
			name = Release;
		};
		5472239F2B2B4B6A000B56B5 /* Debug */ = {
			isa = XCBuildConfiguration;
			buildSettings = {
				ALWAYS_EMBED_SWIFT_STANDARD_LIBRARIES = YES;
				CODE_SIGN_STYLE = Automatic;
				CURRENT_PROJECT_VERSION = 1;
				GENERATE_INFOPLIST_FILE = YES;
				MARKETING_VERSION = 1.0;
				PRODUCT_BUNDLE_IDENTIFIER = fredericdetender.CocktailAppIOSUITests;
				PRODUCT_NAME = "$(TARGET_NAME)";
				SWIFT_EMIT_LOC_STRINGS = NO;
				SWIFT_VERSION = 5.0;
				TARGETED_DEVICE_FAMILY = "1,2";
				TEST_TARGET_NAME = CocktailAppIOS;
			};
			name = Debug;
		};
		547223A02B2B4B6A000B56B5 /* Release */ = {
			isa = XCBuildConfiguration;
			buildSettings = {
				ALWAYS_EMBED_SWIFT_STANDARD_LIBRARIES = YES;
				CODE_SIGN_STYLE = Automatic;
				CURRENT_PROJECT_VERSION = 1;
				GENERATE_INFOPLIST_FILE = YES;
				MARKETING_VERSION = 1.0;
				PRODUCT_BUNDLE_IDENTIFIER = fredericdetender.CocktailAppIOSUITests;
				PRODUCT_NAME = "$(TARGET_NAME)";
				SWIFT_EMIT_LOC_STRINGS = NO;
				SWIFT_VERSION = 5.0;
				TARGETED_DEVICE_FAMILY = "1,2";
				TEST_TARGET_NAME = CocktailAppIOS;
			};
			name = Release;
		};
/* End XCBuildConfiguration section */

/* Begin XCConfigurationList section */
		5472236F2B2B4B68000B56B5 /* Build configuration list for PBXProject "CocktailAppIOS" */ = {
			isa = XCConfigurationList;
			buildConfigurations = (
				547223962B2B4B6A000B56B5 /* Debug */,
				547223972B2B4B6A000B56B5 /* Release */,
			);
			defaultConfigurationIsVisible = 0;
			defaultConfigurationName = Release;
		};
		547223982B2B4B6A000B56B5 /* Build configuration list for PBXNativeTarget "CocktailAppIOS" */ = {
			isa = XCConfigurationList;
			buildConfigurations = (
				547223992B2B4B6A000B56B5 /* Debug */,
				5472239A2B2B4B6A000B56B5 /* Release */,
			);
			defaultConfigurationIsVisible = 0;
			defaultConfigurationName = Release;
		};
		5472239B2B2B4B6A000B56B5 /* Build configuration list for PBXNativeTarget "CocktailAppIOSTests" */ = {
			isa = XCConfigurationList;
			buildConfigurations = (
				5472239C2B2B4B6A000B56B5 /* Debug */,
				5472239D2B2B4B6A000B56B5 /* Release */,
			);
			defaultConfigurationIsVisible = 0;
			defaultConfigurationName = Release;
		};
		5472239E2B2B4B6A000B56B5 /* Build configuration list for PBXNativeTarget "CocktailAppIOSUITests" */ = {
			isa = XCConfigurationList;
			buildConfigurations = (
				5472239F2B2B4B6A000B56B5 /* Debug */,
				547223A02B2B4B6A000B56B5 /* Release */,
			);
			defaultConfigurationIsVisible = 0;
			defaultConfigurationName = Release;
		};
/* End XCConfigurationList section */
	};
	rootObject = 5472236C2B2B4B68000B56B5 /* Project object */;
}
